# THIS IS AN AUTOGENERATED FILE. DO NOT EDIT THIS FILE DIRECTLY.
# yarn lockfile v1


"@faker-js/faker@^7.3.0":
  version "7.3.0"
  resolved "https://registry.yarnpkg.com/@faker-js/faker/-/faker-7.3.0.tgz#a508df35ded585c4e071cb5d9d7c89623c837fae"
  integrity sha512-1W0PZezq2rxlAssoWemi9gFRD8IQxvf0FPL5Km3TOmGHFG7ib0TbFBJ0yC7D/1NsxunjNTK6WjUXV8ao/mKZ5w==

"@playwright/test@^1.23.3":
  version "1.23.3"
  resolved "https://registry.npmjs.org/@playwright/test/-/test-1.23.3.tgz"
  integrity sha512-kR4vo2UGHC84DGqE6EwvAeaehj3xCAK6LoC1P1eu6ZGdC79rlqRKf8cFDx6q6c9T8MQSL1O9eOlup0BpwqNF0w==
  dependencies:
    "@types/node" "*"
    playwright-core "1.23.3"

"@types/node@*":
  version "18.0.4"
  resolved "https://registry.npmjs.org/@types/node/-/node-18.0.4.tgz"
  integrity sha512-M0+G6V0Y4YV8cqzHssZpaNCqvYwlCiulmm0PwpNLF55r/+cT8Ol42CHRU1SEaYFH2rTwiiE1aYg/2g2rrtGdPA==

playwright-core@1.23.3:
  version "1.23.3"
  resolved "https://registry.npmjs.org/playwright-core/-/playwright-core-1.23.3.tgz"
  integrity sha512-x35yzsXDyo0BIXYimLnUFNyb42c//NadUNH6IPGOteZm96oTGA1kn4Hq6qJTI1/f9wEc1F9O1DsznXIgXMil7A==
